
Microsoft Visual Studio Solution File, Format Version 12.00
# Visual Studio Version 16
VisualStudioVersion = 16.0.30907.101
MinimumVisualStudioVersion = 10.0.40219.1
Project("{8BC9CEB8-8B4A-11D0-8D11-00A0C91BC942}") = "12_1chapter", "CPP_TBC_CH12\CPP_TBC_CH12.vcxproj", "{9C163FF0-E4E6-4317-BA69-0B19915F1FFD}"
EndProject
Project("{8BC9CEB8-8B4A-11D0-8D11-00A0C91BC942}") = "12_2chapter", "12_2chapter\12_2chapter.vcxproj", "{14B540ED-AE15-42A3-B279-1F64C08DE158}"
EndProject
Project("{8BC9CEB8-8B4A-11D0-8D11-00A0C91BC942}") = "12_3chapter", "12_3chapter\12_3chapter.vcxproj", "{920E7BB4-AD33-4E78-B801-96AB7C0F6DF4}"
EndProject
Project("{8BC9CEB8-8B4A-11D0-8D11-00A0C91BC942}") = "12_3_1chapter", "12_3_1chapter\12_3_1chapter.vcxproj", "{9404F7BD-020D-45AF-AC18-4095A3D3D6CD}"
EndProject
Project("{8BC9CEB8-8B4A-11D0-8D11-00A0C91BC942}") = "12_3_2chapter", "12_3_2chapter\12_3_2chapter.vcxproj", "{8724F894-9B46-4924-9E49-BB7C56E32869}"
EndProject
Project("{8BC9CEB8-8B4A-11D0-8D11-00A0C91BC942}") = "12_4chapter", "12_4chapter\12_4chapter.vcxproj", "{D0F720B1-211A-4429-AC45-F343C571A888}"
EndProject
Project("{8BC9CEB8-8B4A-11D0-8D11-00A0C91BC942}") = "12_5chapter", "12_5chapter\12_5chapter.vcxproj", "{B53CD500-BDEC-4A10-90D5-F8A90AD28D4A}"
EndProject
Project("{8BC9CEB8-8B4A-11D0-8D11-00A0C91BC942}") = "12_6chapter", "12_6chapter\12_6chapter.vcxproj", "{CB060D2F-F1FF-417F-B3F1-09074A582F30}"
EndProject
Project("{8BC9CEB8-8B4A-11D0-8D11-00A0C91BC942}") = "12_7chapter", "12_7chapter\12_7chapter.vcxproj", "{94E31C28-0C59-402B-A6CF-ADD5BE28BD8B}"
EndProject
Project("{8BC9CEB8-8B4A-11D0-8D11-00A0C91BC942}") = "12_7_1chapter", "12_7_1chapter\12_7_1chapter.vcxproj", "{D1C5C015-AB56-4D9F-8EB0-187F3E5E6B67}"
EndProject
Project("{8BC9CEB8-8B4A-11D0-8D11-00A0C91BC942}") = "12_8chapter", "12_8chapter\12_8chapter.vcxproj", "{75525C82-1D8C-4C30-9A79-30665706C112}"
EndProject
Project("{8BC9CEB8-8B4A-11D0-8D11-00A0C91BC942}") = "12_9chapter", "12_9chapter\12_9chapter.vcxproj", "{7FBD10B3-CD9E-4711-B11F-E5A2CBCDC6D8}"
EndProject
Project("{8BC9CEB8-8B4A-11D0-8D11-00A0C91BC942}") = "12_10chapter", "12_10chapter\12_10chapter.vcxproj", "{0B3092C0-C124-4C5D-9263-F51468784733}"
EndProject
Project("{8BC9CEB8-8B4A-11D0-8D11-00A0C91BC942}") = "12_11chapter", "12_11chapter\12_11chapter.vcxproj", "{30BAAA80-43B5-4CD3-AD6D-1F94233E7D75}"
EndProject
Project("{8BC9CEB8-8B4A-11D0-8D11-00A0C91BC942}") = "12_1_practice_chapter", "12_1_practice_chapter\12_1_practice_chapter.vcxproj", "{6491D9F9-65A9-4068-B3F6-15C3768959E6}"
EndProject
Project("{8BC9CEB8-8B4A-11D0-8D11-00A0C91BC942}") = "12_2_practice_chapter", "12_2_practice_chapter\12_2_practice_chapter.vcxproj", "{B972DCD3-C368-4E5A-B316-CE6D36ADB892}"
EndProject
Project("{8BC9CEB8-8B4A-11D0-8D11-00A0C91BC942}") = "12_3_practice_chapter", "12_3_practice_chapter\12_3_practice_chapter.vcxproj", "{F09E01D1-D794-4CAD-80B0-89E42A9BAB59}"
EndProject
Project("{8BC9CEB8-8B4A-11D0-8D11-00A0C91BC942}") = "12_4_practice_chapter", "12_4_practice_chapter\12_4_practice_chapter.vcxproj", "{4EA80D5A-2E4A-4025-AB4E-61CF5341AF21}"
EndProject
Project("{8BC9CEB8-8B4A-11D0-8D11-00A0C91BC942}") = "12_5_practice_chapter", "12_5_practice_chapter\12_5_practice_chapter.vcxproj", "{A9ABE5FA-4723-4A14-8EA5-4FE303DC4A62}"
EndProject
Project("{8BC9CEB8-8B4A-11D0-8D11-00A0C91BC942}") = "12_6_practice_chapter", "12_6_practice_chapter\12_6_practice_chapter.vcxproj", "{97829337-BE0A-449A-98FA-7E13277A3F04}"
EndProject
Project("{8BC9CEB8-8B4A-11D0-8D11-00A0C91BC942}") = "12_7_practice_chapter", "12_7_practice_chapter\12_7_practice_chapter.vcxproj", "{1F8D524C-E17C-4478-A113-8497CC1D7F94}"
EndProject
Project("{8BC9CEB8-8B4A-11D0-8D11-00A0C91BC942}") = "12_8_practice_chapter", "12_8_practice_chapter\12_8_practice_chapter.vcxproj", "{9CDE2F86-5C32-47D3-B25C-16221E229A2A}"
EndProject
Project("{8BC9CEB8-8B4A-11D0-8D11-00A0C91BC942}") = "12_9_practice_chapter", "12_9_practice_chapter\12_9_practice_chapter.vcxproj", "{C8859B1E-4B26-4653-8BC9-695EB43DE798}"
EndProject
Project("{8BC9CEB8-8B4A-11D0-8D11-00A0C91BC942}") = "12_10_practice_chapter", "12_10_practice_chapter\12_10_practice_chapter.vcxproj", "{260B5F38-3BCF-476E-814F-B1FC7B9603B9}"
EndProject
Project("{8BC9CEB8-8B4A-11D0-8D11-00A0C91BC942}") = "12_11_practice_chapter", "12_11_practice_chapter\12_11_practice_chapter.vcxproj", "{EC79C708-2447-4B25-B3F4-2314D5FF4C70}"
EndProject
Global
	GlobalSection(SolutionConfigurationPlatforms) = preSolution
		Debug|x64 = Debug|x64
		Debug|x86 = Debug|x86
		Release|x64 = Release|x64
		Release|x86 = Release|x86
	EndGlobalSection
	GlobalSection(ProjectConfigurationPlatforms) = postSolution
		{9C163FF0-E4E6-4317-BA69-0B19915F1FFD}.Debug|x64.ActiveCfg = Debug|x64
		{9C163FF0-E4E6-4317-BA69-0B19915F1FFD}.Debug|x64.Build.0 = Debug|x64
		{9C163FF0-E4E6-4317-BA69-0B19915F1FFD}.Debug|x86.ActiveCfg = Debug|Win32
		{9C163FF0-E4E6-4317-BA69-0B19915F1FFD}.Debug|x86.Build.0 = Debug|Win32
		{9C163FF0-E4E6-4317-BA69-0B19915F1FFD}.Release|x64.ActiveCfg = Release|x64
		{9C163FF0-E4E6-4317-BA69-0B19915F1FFD}.Release|x64.Build.0 = Release|x64
		{9C163FF0-E4E6-4317-BA69-0B19915F1FFD}.Release|x86.ActiveCfg = Release|Win32
		{9C163FF0-E4E6-4317-BA69-0B19915F1FFD}.Release|x86.Build.0 = Release|Win32
		{14B540ED-AE15-42A3-B279-1F64C08DE158}.Debug|x64.ActiveCfg = Debug|x64
		{14B540ED-AE15-42A3-B279-1F64C08DE158}.Debug|x64.Build.0 = Debug|x64
		{14B540ED-AE15-42A3-B279-1F64C08DE158}.Debug|x86.ActiveCfg = Debug|Win32
		{14B540ED-AE15-42A3-B279-1F64C08DE158}.Debug|x86.Build.0 = Debug|Win32
		{14B540ED-AE15-42A3-B279-1F64C08DE158}.Release|x64.ActiveCfg = Release|x64
		{14B540ED-AE15-42A3-B279-1F64C08DE158}.Release|x64.Build.0 = Release|x64
		{14B540ED-AE15-42A3-B279-1F64C08DE158}.Release|x86.ActiveCfg = Release|Win32
		{14B540ED-AE15-42A3-B279-1F64C08DE158}.Release|x86.Build.0 = Release|Win32
		{920E7BB4-AD33-4E78-B801-96AB7C0F6DF4}.Debug|x64.ActiveCfg = Debug|x64
		{920E7BB4-AD33-4E78-B801-96AB7C0F6DF4}.Debug|x64.Build.0 = Debug|x64
		{920E7BB4-AD33-4E78-B801-96AB7C0F6DF4}.Debug|x86.ActiveCfg = Debug|Win32
		{920E7BB4-AD33-4E78-B801-96AB7C0F6DF4}.Debug|x86.Build.0 = Debug|Win32
		{920E7BB4-AD33-4E78-B801-96AB7C0F6DF4}.Release|x64.ActiveCfg = Release|x64
		{920E7BB4-AD33-4E78-B801-96AB7C0F6DF4}.Release|x64.Build.0 = Release|x64
		{920E7BB4-AD33-4E78-B801-96AB7C0F6DF4}.Release|x86.ActiveCfg = Release|Win32
		{920E7BB4-AD33-4E78-B801-96AB7C0F6DF4}.Release|x86.Build.0 = Release|Win32
		{9404F7BD-020D-45AF-AC18-4095A3D3D6CD}.Debug|x64.ActiveCfg = Debug|x64
		{9404F7BD-020D-45AF-AC18-4095A3D3D6CD}.Debug|x64.Build.0 = Debug|x64
		{9404F7BD-020D-45AF-AC18-4095A3D3D6CD}.Debug|x86.ActiveCfg = Debug|Win32
		{9404F7BD-020D-45AF-AC18-4095A3D3D6CD}.Debug|x86.Build.0 = Debug|Win32
		{9404F7BD-020D-45AF-AC18-4095A3D3D6CD}.Release|x64.ActiveCfg = Release|x64
		{9404F7BD-020D-45AF-AC18-4095A3D3D6CD}.Release|x64.Build.0 = Release|x64
		{9404F7BD-020D-45AF-AC18-4095A3D3D6CD}.Release|x86.ActiveCfg = Release|Win32
		{9404F7BD-020D-45AF-AC18-4095A3D3D6CD}.Release|x86.Build.0 = Release|Win32
		{8724F894-9B46-4924-9E49-BB7C56E32869}.Debug|x64.ActiveCfg = Debug|x64
		{8724F894-9B46-4924-9E49-BB7C56E32869}.Debug|x64.Build.0 = Debug|x64
		{8724F894-9B46-4924-9E49-BB7C56E32869}.Debug|x86.ActiveCfg = Debug|Win32
		{8724F894-9B46-4924-9E49-BB7C56E32869}.Debug|x86.Build.0 = Debug|Win32
		{8724F894-9B46-4924-9E49-BB7C56E32869}.Release|x64.ActiveCfg = Release|x64
		{8724F894-9B46-4924-9E49-BB7C56E32869}.Release|x64.Build.0 = Release|x64
		{8724F894-9B46-4924-9E49-BB7C56E32869}.Release|x86.ActiveCfg = Release|Win32
		{8724F894-9B46-4924-9E49-BB7C56E32869}.Release|x86.Build.0 = Release|Win32
		{D0F720B1-211A-4429-AC45-F343C571A888}.Debug|x64.ActiveCfg = Debug|x64
		{D0F720B1-211A-4429-AC45-F343C571A888}.Debug|x64.Build.0 = Debug|x64
		{D0F720B1-211A-4429-AC45-F343C571A888}.Debug|x86.ActiveCfg = Debug|Win32
		{D0F720B1-211A-4429-AC45-F343C571A888}.Debug|x86.Build.0 = Debug|Win32
		{D0F720B1-211A-4429-AC45-F343C571A888}.Release|x64.ActiveCfg = Release|x64
		{D0F720B1-211A-4429-AC45-F343C571A888}.Release|x64.Build.0 = Release|x64
		{D0F720B1-211A-4429-AC45-F343C571A888}.Release|x86.ActiveCfg = Release|Win32
		{D0F720B1-211A-4429-AC45-F343C571A888}.Release|x86.Build.0 = Release|Win32
		{B53CD500-BDEC-4A10-90D5-F8A90AD28D4A}.Debug|x64.ActiveCfg = Debug|x64
		{B53CD500-BDEC-4A10-90D5-F8A90AD28D4A}.Debug|x64.Build.0 = Debug|x64
		{B53CD500-BDEC-4A10-90D5-F8A90AD28D4A}.Debug|x86.ActiveCfg = Debug|Win32
		{B53CD500-BDEC-4A10-90D5-F8A90AD28D4A}.Debug|x86.Build.0 = Debug|Win32
		{B53CD500-BDEC-4A10-90D5-F8A90AD28D4A}.Release|x64.ActiveCfg = Release|x64
		{B53CD500-BDEC-4A10-90D5-F8A90AD28D4A}.Release|x64.Build.0 = Release|x64
		{B53CD500-BDEC-4A10-90D5-F8A90AD28D4A}.Release|x86.ActiveCfg = Release|Win32
		{B53CD500-BDEC-4A10-90D5-F8A90AD28D4A}.Release|x86.Build.0 = Release|Win32
		{CB060D2F-F1FF-417F-B3F1-09074A582F30}.Debug|x64.ActiveCfg = Debug|x64
		{CB060D2F-F1FF-417F-B3F1-09074A582F30}.Debug|x64.Build.0 = Debug|x64
		{CB060D2F-F1FF-417F-B3F1-09074A582F30}.Debug|x86.ActiveCfg = Debug|Win32
		{CB060D2F-F1FF-417F-B3F1-09074A582F30}.Debug|x86.Build.0 = Debug|Win32
		{CB060D2F-F1FF-417F-B3F1-09074A582F30}.Release|x64.ActiveCfg = Release|x64
		{CB060D2F-F1FF-417F-B3F1-09074A582F30}.Release|x64.Build.0 = Release|x64
		{CB060D2F-F1FF-417F-B3F1-09074A582F30}.Release|x86.ActiveCfg = Release|Win32
		{CB060D2F-F1FF-417F-B3F1-09074A582F30}.Release|x86.Build.0 = Release|Win32
		{94E31C28-0C59-402B-A6CF-ADD5BE28BD8B}.Debug|x64.ActiveCfg = Debug|x64
		{94E31C28-0C59-402B-A6CF-ADD5BE28BD8B}.Debug|x64.Build.0 = Debug|x64
		{94E31C28-0C59-402B-A6CF-ADD5BE28BD8B}.Debug|x86.ActiveCfg = Debug|Win32
		{94E31C28-0C59-402B-A6CF-ADD5BE28BD8B}.Debug|x86.Build.0 = Debug|Win32
		{94E31C28-0C59-402B-A6CF-ADD5BE28BD8B}.Release|x64.ActiveCfg = Release|x64
		{94E31C28-0C59-402B-A6CF-ADD5BE28BD8B}.Release|x64.Build.0 = Release|x64
		{94E31C28-0C59-402B-A6CF-ADD5BE28BD8B}.Release|x86.ActiveCfg = Release|Win32
		{94E31C28-0C59-402B-A6CF-ADD5BE28BD8B}.Release|x86.Build.0 = Release|Win32
		{D1C5C015-AB56-4D9F-8EB0-187F3E5E6B67}.Debug|x64.ActiveCfg = Debug|x64
		{D1C5C015-AB56-4D9F-8EB0-187F3E5E6B67}.Debug|x64.Build.0 = Debug|x64
		{D1C5C015-AB56-4D9F-8EB0-187F3E5E6B67}.Debug|x86.ActiveCfg = Debug|Win32
		{D1C5C015-AB56-4D9F-8EB0-187F3E5E6B67}.Debug|x86.Build.0 = Debug|Win32
		{D1C5C015-AB56-4D9F-8EB0-187F3E5E6B67}.Release|x64.ActiveCfg = Release|x64
		{D1C5C015-AB56-4D9F-8EB0-187F3E5E6B67}.Release|x64.Build.0 = Release|x64
		{D1C5C015-AB56-4D9F-8EB0-187F3E5E6B67}.Release|x86.ActiveCfg = Release|Win32
		{D1C5C015-AB56-4D9F-8EB0-187F3E5E6B67}.Release|x86.Build.0 = Release|Win32
		{75525C82-1D8C-4C30-9A79-30665706C112}.Debug|x64.ActiveCfg = Debug|x64
		{75525C82-1D8C-4C30-9A79-30665706C112}.Debug|x64.Build.0 = Debug|x64
		{75525C82-1D8C-4C30-9A79-30665706C112}.Debug|x86.ActiveCfg = Debug|Win32
		{75525C82-1D8C-4C30-9A79-30665706C112}.Debug|x86.Build.0 = Debug|Win32
		{75525C82-1D8C-4C30-9A79-30665706C112}.Release|x64.ActiveCfg = Release|x64
		{75525C82-1D8C-4C30-9A79-30665706C112}.Release|x64.Build.0 = Release|x64
		{75525C82-1D8C-4C30-9A79-30665706C112}.Release|x86.ActiveCfg = Release|Win32
		{75525C82-1D8C-4C30-9A79-30665706C112}.Release|x86.Build.0 = Release|Win32
		{7FBD10B3-CD9E-4711-B11F-E5A2CBCDC6D8}.Debug|x64.ActiveCfg = Debug|x64
		{7FBD10B3-CD9E-4711-B11F-E5A2CBCDC6D8}.Debug|x64.Build.0 = Debug|x64
		{7FBD10B3-CD9E-4711-B11F-E5A2CBCDC6D8}.Debug|x86.ActiveCfg = Debug|Win32
		{7FBD10B3-CD9E-4711-B11F-E5A2CBCDC6D8}.Debug|x86.Build.0 = Debug|Win32
		{7FBD10B3-CD9E-4711-B11F-E5A2CBCDC6D8}.Release|x64.ActiveCfg = Release|x64
		{7FBD10B3-CD9E-4711-B11F-E5A2CBCDC6D8}.Release|x64.Build.0 = Release|x64
		{7FBD10B3-CD9E-4711-B11F-E5A2CBCDC6D8}.Release|x86.ActiveCfg = Release|Win32
		{7FBD10B3-CD9E-4711-B11F-E5A2CBCDC6D8}.Release|x86.Build.0 = Release|Win32
		{0B3092C0-C124-4C5D-9263-F51468784733}.Debug|x64.ActiveCfg = Debug|x64
		{0B3092C0-C124-4C5D-9263-F51468784733}.Debug|x64.Build.0 = Debug|x64
		{0B3092C0-C124-4C5D-9263-F51468784733}.Debug|x86.ActiveCfg = Debug|Win32
		{0B3092C0-C124-4C5D-9263-F51468784733}.Debug|x86.Build.0 = Debug|Win32
		{0B3092C0-C124-4C5D-9263-F51468784733}.Release|x64.ActiveCfg = Release|x64
		{0B3092C0-C124-4C5D-9263-F51468784733}.Release|x64.Build.0 = Release|x64
		{0B3092C0-C124-4C5D-9263-F51468784733}.Release|x86.ActiveCfg = Release|Win32
		{0B3092C0-C124-4C5D-9263-F51468784733}.Release|x86.Build.0 = Release|Win32
		{30BAAA80-43B5-4CD3-AD6D-1F94233E7D75}.Debug|x64.ActiveCfg = Debug|x64
		{30BAAA80-43B5-4CD3-AD6D-1F94233E7D75}.Debug|x64.Build.0 = Debug|x64
		{30BAAA80-43B5-4CD3-AD6D-1F94233E7D75}.Debug|x86.ActiveCfg = Debug|Win32
		{30BAAA80-43B5-4CD3-AD6D-1F94233E7D75}.Debug|x86.Build.0 = Debug|Win32
		{30BAAA80-43B5-4CD3-AD6D-1F94233E7D75}.Release|x64.ActiveCfg = Release|x64
		{30BAAA80-43B5-4CD3-AD6D-1F94233E7D75}.Release|x64.Build.0 = Release|x64
		{30BAAA80-43B5-4CD3-AD6D-1F94233E7D75}.Release|x86.ActiveCfg = Release|Win32
		{30BAAA80-43B5-4CD3-AD6D-1F94233E7D75}.Release|x86.Build.0 = Release|Win32
		{6491D9F9-65A9-4068-B3F6-15C3768959E6}.Debug|x64.ActiveCfg = Debug|x64
		{6491D9F9-65A9-4068-B3F6-15C3768959E6}.Debug|x64.Build.0 = Debug|x64
		{6491D9F9-65A9-4068-B3F6-15C3768959E6}.Debug|x86.ActiveCfg = Debug|Win32
		{6491D9F9-65A9-4068-B3F6-15C3768959E6}.Debug|x86.Build.0 = Debug|Win32
		{6491D9F9-65A9-4068-B3F6-15C3768959E6}.Release|x64.ActiveCfg = Release|x64
		{6491D9F9-65A9-4068-B3F6-15C3768959E6}.Release|x64.Build.0 = Release|x64
		{6491D9F9-65A9-4068-B3F6-15C3768959E6}.Release|x86.ActiveCfg = Release|Win32
		{6491D9F9-65A9-4068-B3F6-15C3768959E6}.Release|x86.Build.0 = Release|Win32
		{B972DCD3-C368-4E5A-B316-CE6D36ADB892}.Debug|x64.ActiveCfg = Debug|x64
		{B972DCD3-C368-4E5A-B316-CE6D36ADB892}.Debug|x64.Build.0 = Debug|x64
		{B972DCD3-C368-4E5A-B316-CE6D36ADB892}.Debug|x86.ActiveCfg = Debug|Win32
		{B972DCD3-C368-4E5A-B316-CE6D36ADB892}.Debug|x86.Build.0 = Debug|Win32
		{B972DCD3-C368-4E5A-B316-CE6D36ADB892}.Release|x64.ActiveCfg = Release|x64
		{B972DCD3-C368-4E5A-B316-CE6D36ADB892}.Release|x64.Build.0 = Release|x64
		{B972DCD3-C368-4E5A-B316-CE6D36ADB892}.Release|x86.ActiveCfg = Release|Win32
		{B972DCD3-C368-4E5A-B316-CE6D36ADB892}.Release|x86.Build.0 = Release|Win32
		{F09E01D1-D794-4CAD-80B0-89E42A9BAB59}.Debug|x64.ActiveCfg = Debug|x64
		{F09E01D1-D794-4CAD-80B0-89E42A9BAB59}.Debug|x64.Build.0 = Debug|x64
		{F09E01D1-D794-4CAD-80B0-89E42A9BAB59}.Debug|x86.ActiveCfg = Debug|Win32
		{F09E01D1-D794-4CAD-80B0-89E42A9BAB59}.Debug|x86.Build.0 = Debug|Win32
		{F09E01D1-D794-4CAD-80B0-89E42A9BAB59}.Release|x64.ActiveCfg = Release|x64
		{F09E01D1-D794-4CAD-80B0-89E42A9BAB59}.Release|x64.Build.0 = Release|x64
		{F09E01D1-D794-4CAD-80B0-89E42A9BAB59}.Release|x86.ActiveCfg = Release|Win32
		{F09E01D1-D794-4CAD-80B0-89E42A9BAB59}.Release|x86.Build.0 = Release|Win32
		{4EA80D5A-2E4A-4025-AB4E-61CF5341AF21}.Debug|x64.ActiveCfg = Debug|x64
		{4EA80D5A-2E4A-4025-AB4E-61CF5341AF21}.Debug|x64.Build.0 = Debug|x64
		{4EA80D5A-2E4A-4025-AB4E-61CF5341AF21}.Debug|x86.ActiveCfg = Debug|Win32
		{4EA80D5A-2E4A-4025-AB4E-61CF5341AF21}.Debug|x86.Build.0 = Debug|Win32
		{4EA80D5A-2E4A-4025-AB4E-61CF5341AF21}.Release|x64.ActiveCfg = Release|x64
		{4EA80D5A-2E4A-4025-AB4E-61CF5341AF21}.Release|x64.Build.0 = Release|x64
		{4EA80D5A-2E4A-4025-AB4E-61CF5341AF21}.Release|x86.ActiveCfg = Release|Win32
		{4EA80D5A-2E4A-4025-AB4E-61CF5341AF21}.Release|x86.Build.0 = Release|Win32
		{A9ABE5FA-4723-4A14-8EA5-4FE303DC4A62}.Debug|x64.ActiveCfg = Debug|x64
		{A9ABE5FA-4723-4A14-8EA5-4FE303DC4A62}.Debug|x64.Build.0 = Debug|x64
		{A9ABE5FA-4723-4A14-8EA5-4FE303DC4A62}.Debug|x86.ActiveCfg = Debug|Win32
		{A9ABE5FA-4723-4A14-8EA5-4FE303DC4A62}.Debug|x86.Build.0 = Debug|Win32
		{A9ABE5FA-4723-4A14-8EA5-4FE303DC4A62}.Release|x64.ActiveCfg = Release|x64
		{A9ABE5FA-4723-4A14-8EA5-4FE303DC4A62}.Release|x64.Build.0 = Release|x64
		{A9ABE5FA-4723-4A14-8EA5-4FE303DC4A62}.Release|x86.ActiveCfg = Release|Win32
		{A9ABE5FA-4723-4A14-8EA5-4FE303DC4A62}.Release|x86.Build.0 = Release|Win32
		{97829337-BE0A-449A-98FA-7E13277A3F04}.Debug|x64.ActiveCfg = Debug|x64
		{97829337-BE0A-449A-98FA-7E13277A3F04}.Debug|x64.Build.0 = Debug|x64
		{97829337-BE0A-449A-98FA-7E13277A3F04}.Debug|x86.ActiveCfg = Debug|Win32
		{97829337-BE0A-449A-98FA-7E13277A3F04}.Debug|x86.Build.0 = Debug|Win32
		{97829337-BE0A-449A-98FA-7E13277A3F04}.Release|x64.ActiveCfg = Release|x64
		{97829337-BE0A-449A-98FA-7E13277A3F04}.Release|x64.Build.0 = Release|x64
		{97829337-BE0A-449A-98FA-7E13277A3F04}.Release|x86.ActiveCfg = Release|Win32
		{97829337-BE0A-449A-98FA-7E13277A3F04}.Release|x86.Build.0 = Release|Win32
		{1F8D524C-E17C-4478-A113-8497CC1D7F94}.Debug|x64.ActiveCfg = Debug|x64
		{1F8D524C-E17C-4478-A113-8497CC1D7F94}.Debug|x64.Build.0 = Debug|x64
		{1F8D524C-E17C-4478-A113-8497CC1D7F94}.Debug|x86.ActiveCfg = Debug|Win32
		{1F8D524C-E17C-4478-A113-8497CC1D7F94}.Debug|x86.Build.0 = Debug|Win32
		{1F8D524C-E17C-4478-A113-8497CC1D7F94}.Release|x64.ActiveCfg = Release|x64
		{1F8D524C-E17C-4478-A113-8497CC1D7F94}.Release|x64.Build.0 = Release|x64
		{1F8D524C-E17C-4478-A113-8497CC1D7F94}.Release|x86.ActiveCfg = Release|Win32
		{1F8D524C-E17C-4478-A113-8497CC1D7F94}.Release|x86.Build.0 = Release|Win32
		{9CDE2F86-5C32-47D3-B25C-16221E229A2A}.Debug|x64.ActiveCfg = Debug|x64
		{9CDE2F86-5C32-47D3-B25C-16221E229A2A}.Debug|x64.Build.0 = Debug|x64
		{9CDE2F86-5C32-47D3-B25C-16221E229A2A}.Debug|x86.ActiveCfg = Debug|Win32
		{9CDE2F86-5C32-47D3-B25C-16221E229A2A}.Debug|x86.Build.0 = Debug|Win32
		{9CDE2F86-5C32-47D3-B25C-16221E229A2A}.Release|x64.ActiveCfg = Release|x64
		{9CDE2F86-5C32-47D3-B25C-16221E229A2A}.Release|x64.Build.0 = Release|x64
		{9CDE2F86-5C32-47D3-B25C-16221E229A2A}.Release|x86.ActiveCfg = Release|Win32
		{9CDE2F86-5C32-47D3-B25C-16221E229A2A}.Release|x86.Build.0 = Release|Win32
		{C8859B1E-4B26-4653-8BC9-695EB43DE798}.Debug|x64.ActiveCfg = Debug|x64
		{C8859B1E-4B26-4653-8BC9-695EB43DE798}.Debug|x64.Build.0 = Debug|x64
		{C8859B1E-4B26-4653-8BC9-695EB43DE798}.Debug|x86.ActiveCfg = Debug|Win32
		{C8859B1E-4B26-4653-8BC9-695EB43DE798}.Debug|x86.Build.0 = Debug|Win32
		{C8859B1E-4B26-4653-8BC9-695EB43DE798}.Release|x64.ActiveCfg = Release|x64
		{C8859B1E-4B26-4653-8BC9-695EB43DE798}.Release|x64.Build.0 = Release|x64
		{C8859B1E-4B26-4653-8BC9-695EB43DE798}.Release|x86.ActiveCfg = Release|Win32
		{C8859B1E-4B26-4653-8BC9-695EB43DE798}.Release|x86.Build.0 = Release|Win32
		{260B5F38-3BCF-476E-814F-B1FC7B9603B9}.Debug|x64.ActiveCfg = Debug|x64
		{260B5F38-3BCF-476E-814F-B1FC7B9603B9}.Debug|x64.Build.0 = Debug|x64
		{260B5F38-3BCF-476E-814F-B1FC7B9603B9}.Debug|x86.ActiveCfg = Debug|Win32
		{260B5F38-3BCF-476E-814F-B1FC7B9603B9}.Debug|x86.Build.0 = Debug|Win32
		{260B5F38-3BCF-476E-814F-B1FC7B9603B9}.Release|x64.ActiveCfg = Release|x64
		{260B5F38-3BCF-476E-814F-B1FC7B9603B9}.Release|x64.Build.0 = Release|x64
		{260B5F38-3BCF-476E-814F-B1FC7B9603B9}.Release|x86.ActiveCfg = Release|Win32
		{260B5F38-3BCF-476E-814F-B1FC7B9603B9}.Release|x86.Build.0 = Release|Win32
		{EC79C708-2447-4B25-B3F4-2314D5FF4C70}.Debug|x64.ActiveCfg = Debug|x64
		{EC79C708-2447-4B25-B3F4-2314D5FF4C70}.Debug|x64.Build.0 = Debug|x64
		{EC79C708-2447-4B25-B3F4-2314D5FF4C70}.Debug|x86.ActiveCfg = Debug|Win32
		{EC79C708-2447-4B25-B3F4-2314D5FF4C70}.Debug|x86.Build.0 = Debug|Win32
		{EC79C708-2447-4B25-B3F4-2314D5FF4C70}.Release|x64.ActiveCfg = Release|x64
		{EC79C708-2447-4B25-B3F4-2314D5FF4C70}.Release|x64.Build.0 = Release|x64
		{EC79C708-2447-4B25-B3F4-2314D5FF4C70}.Release|x86.ActiveCfg = Release|Win32
		{EC79C708-2447-4B25-B3F4-2314D5FF4C70}.Release|x86.Build.0 = Release|Win32
	EndGlobalSection
	GlobalSection(SolutionProperties) = preSolution
		HideSolutionNode = FALSE
	EndGlobalSection
	GlobalSection(ExtensibilityGlobals) = postSolution
		SolutionGuid = {552BB9E7-93CF-4D8B-AA1E-5FF956D767CF}
	EndGlobalSection
EndGlobal
